
Microsoft Visual Studio Solution File, Format Version 12.00
# Visual Studio Version 16
VisualStudioVersion = 16.0.31112.23
MinimumVisualStudioVersion = 10.0.40219.1
Project("{FAE04EC0-301F-11D3-BF4B-00C04F79EFBC}") = "AudioControlLibrary", "AudioControlLibrary\AudioControlLibrary.csproj", "{476A2E32-AF24-4C12-945B-C66D3EA91F1B}"
EndProject
Project("{8BC9CEB8-8B4A-11D0-8D11-00A0C91BC942}") = "MFCApplication_AudioTest", "MFCApplication_AudioTest\MFCApplication_AudioTest.vcxproj", "{453385FF-8CD4-4266-9388-B27EF3E2C1A2}"
EndProject
Global
	GlobalSection(SolutionConfigurationPlatforms) = preSolution
		Debug|Any CPU = Debug|Any CPU
		Debug|x64 = Debug|x64
		Debug|x86 = Debug|x86
		Release|Any CPU = Release|Any CPU
		Release|x64 = Release|x64
		Release|x86 = Release|x86
	EndGlobalSection
	GlobalSection(ProjectConfigurationPlatforms) = postSolution
		{476A2E32-AF24-4C12-945B-C66D3EA91F1B}.Debug|Any CPU.ActiveCfg = Debug|Any CPU
		{476A2E32-AF24-4C12-945B-C66D3EA91F1B}.Debug|Any CPU.Build.0 = Debug|Any CPU
		{476A2E32-AF24-4C12-945B-C66D3EA91F1B}.Debug|x64.ActiveCfg = Debug|Any CPU
		{476A2E32-AF24-4C12-945B-C66D3EA91F1B}.Debug|x64.Build.0 = Debug|Any CPU
		{476A2E32-AF24-4C12-945B-C66D3EA91F1B}.Debug|x86.ActiveCfg = Debug|Any CPU
		{476A2E32-AF24-4C12-945B-C66D3EA91F1B}.Debug|x86.Build.0 = Debug|Any CPU
		{476A2E32-AF24-4C12-945B-C66D3EA91F1B}.Release|Any CPU.ActiveCfg = Release|Any CPU
		{476A2E32-AF24-4C12-945B-C66D3EA91F1B}.Release|Any CPU.Build.0 = Release|Any CPU
		{476A2E32-AF24-4C12-945B-C66D3EA91F1B}.Release|x64.ActiveCfg = Release|Any CPU
		{476A2E32-AF24-4C12-945B-C66D3EA91F1B}.Release|x64.Build.0 = Release|Any CPU
		{476A2E32-AF24-4C12-945B-C66D3EA91F1B}.Release|x86.ActiveCfg = Release|Any CPU
		{476A2E32-AF24-4C12-945B-C66D3EA91F1B}.Release|x86.Build.0 = Release|Any CPU
		{453385FF-8CD4-4266-9388-B27EF3E2C1A2}.Debug|Any CPU.ActiveCfg = Debug|Win32
		{453385FF-8CD4-4266-9388-B27EF3E2C1A2}.Debug|x64.ActiveCfg = Debug|x64
		{453385FF-8CD4-4266-9388-B27EF3E2C1A2}.Debug|x64.Build.0 = Debug|x64
		{453385FF-8CD4-4266-9388-B27EF3E2C1A2}.Debug|x86.ActiveCfg = Debug|Win32
		{453385FF-8CD4-4266-9388-B27EF3E2C1A2}.Debug|x86.Build.0 = Debug|Win32
		{453385FF-8CD4-4266-9388-B27EF3E2C1A2}.Release|Any CPU.ActiveCfg = Release|Win32
		{453385FF-8CD4-4266-9388-B27EF3E2C1A2}.Release|x64.ActiveCfg = Release|x64
		{453385FF-8CD4-4266-9388-B27EF3E2C1A2}.Release|x64.Build.0 = Release|x64
		{453385FF-8CD4-4266-9388-B27EF3E2C1A2}.Release|x86.ActiveCfg = Release|Win32
		{453385FF-8CD4-4266-9388-B27EF3E2C1A2}.Release|x86.Build.0 = Release|Win32
	EndGlobalSection
	GlobalSection(SolutionProperties) = preSolution
		HideSolutionNode = FALSE
	EndGlobalSection
	GlobalSection(ExtensibilityGlobals) = postSolution
		SolutionGuid = {F42D1C77-C3E5-4422-9112-B903F2AB3A7E}
	EndGlobalSection
EndGlobal
