
Microsoft Visual Studio Solution File, Format Version 12.00
# Visual Studio Version 17
VisualStudioVersion = 17.0.31903.59
MinimumVisualStudioVersion = 10.0.40219.1
Project("{FAE04EC0-301F-11D3-BF4B-00C04F79EFBC}") = "hospAsmInfoService_v1", "hospAsmInfoService_v1\hospAsmInfoService_v1.csproj", "{98AAA688-5365-4C1E-A9BE-11E728CD8516}"
EndProject
Global
	GlobalSection(SolutionConfigurationPlatforms) = preSolution
		Debug|Any CPU = Debug|Any CPU
		Release|Any CPU = Release|Any CPU
	EndGlobalSection
	GlobalSection(ProjectConfigurationPlatforms) = postSolution
		{98AAA688-5365-4C1E-A9BE-11E728CD8516}.Debug|Any CPU.ActiveCfg = Debug|Any CPU
		{98AAA688-5365-4C1E-A9BE-11E728CD8516}.Debug|Any CPU.Build.0 = Debug|Any CPU
		{98AAA688-5365-4C1E-A9BE-11E728CD8516}.Release|Any CPU.ActiveCfg = Release|Any CPU
		{98AAA688-5365-4C1E-A9BE-11E728CD8516}.Release|Any CPU.Build.0 = Release|Any CPU
	EndGlobalSection
	GlobalSection(SolutionProperties) = preSolution
		HideSolutionNode = FALSE
	EndGlobalSection
	GlobalSection(ExtensibilityGlobals) = postSolution
		SolutionGuid = {381CABCF-C87D-43D1-9DA4-9CE19E4E03B0}
	EndGlobalSection
EndGlobal
